
Microsoft Visual Studio Solution File, Format Version 12.00
# Visual Studio Version 16
VisualStudioVersion = 16.0.30002.166
MinimumVisualStudioVersion = 10.0.40219.1
Project("{FAE04EC0-301F-11D3-BF4B-00C04F79EFBC}") = "GUI", "410ShopManagement\GUI.csproj", "{268C646C-815E-4EA5-8C30-34A05D0CDF67}"
EndProject
Project("{FAE04EC0-301F-11D3-BF4B-00C04F79EFBC}") = "DAL", "DAL\DAL.csproj", "{B5C2E009-B5C5-49FA-B65C-F4FFFFE36F5C}"
EndProject
Project("{FAE04EC0-301F-11D3-BF4B-00C04F79EFBC}") = "BLL", "BLL\BLL.csproj", "{10A6B2EE-E518-4D5D-A463-D6571ECD6C33}"
EndProject
Project("{FAE04EC0-301F-11D3-BF4B-00C04F79EFBC}") = "DTO", "DTO\DTO.csproj", "{FEA24CA3-DA3C-4979-8448-087C966777A1}"
EndProject
Global
	GlobalSection(SolutionConfigurationPlatforms) = preSolution
		Debug|Any CPU = Debug|Any CPU
		Release|Any CPU = Release|Any CPU
	EndGlobalSection
	GlobalSection(ProjectConfigurationPlatforms) = postSolution
		{268C646C-815E-4EA5-8C30-34A05D0CDF67}.Debug|Any CPU.ActiveCfg = Debug|Any CPU
		{268C646C-815E-4EA5-8C30-34A05D0CDF67}.Debug|Any CPU.Build.0 = Debug|Any CPU
		{268C646C-815E-4EA5-8C30-34A05D0CDF67}.Release|Any CPU.ActiveCfg = Release|Any CPU
		{268C646C-815E-4EA5-8C30-34A05D0CDF67}.Release|Any CPU.Build.0 = Release|Any CPU
		{B5C2E009-B5C5-49FA-B65C-F4FFFFE36F5C}.Debug|Any CPU.ActiveCfg = Debug|Any CPU
		{B5C2E009-B5C5-49FA-B65C-F4FFFFE36F5C}.Debug|Any CPU.Build.0 = Debug|Any CPU
		{B5C2E009-B5C5-49FA-B65C-F4FFFFE36F5C}.Release|Any CPU.ActiveCfg = Release|Any CPU
		{B5C2E009-B5C5-49FA-B65C-F4FFFFE36F5C}.Release|Any CPU.Build.0 = Release|Any CPU
		{10A6B2EE-E518-4D5D-A463-D6571ECD6C33}.Debug|Any CPU.ActiveCfg = Debug|Any CPU
		{10A6B2EE-E518-4D5D-A463-D6571ECD6C33}.Debug|Any CPU.Build.0 = Debug|Any CPU
		{10A6B2EE-E518-4D5D-A463-D6571ECD6C33}.Release|Any CPU.ActiveCfg = Release|Any CPU
		{10A6B2EE-E518-4D5D-A463-D6571ECD6C33}.Release|Any CPU.Build.0 = Release|Any CPU
		{FEA24CA3-DA3C-4979-8448-087C966777A1}.Debug|Any CPU.ActiveCfg = Debug|Any CPU
		{FEA24CA3-DA3C-4979-8448-087C966777A1}.Debug|Any CPU.Build.0 = Debug|Any CPU
		{FEA24CA3-DA3C-4979-8448-087C966777A1}.Release|Any CPU.ActiveCfg = Release|Any CPU
		{FEA24CA3-DA3C-4979-8448-087C966777A1}.Release|Any CPU.Build.0 = Release|Any CPU
	EndGlobalSection
	GlobalSection(SolutionProperties) = preSolution
		HideSolutionNode = FALSE
	EndGlobalSection
	GlobalSection(ExtensibilityGlobals) = postSolution
		SolutionGuid = {8145FC4D-6683-4F38-A21D-C046C1BEFEBB}
	EndGlobalSection
EndGlobal
